// !$*UTF8*$!
{
	archiveVersion = 1;
	classes = {
	};
	objectVersion = 46;
	objects = {

/* Begin PBXBuildFile section */
		7AA80EE11F4AAA5200577130 /* FA_Conversation.swift in Sources */ = {isa = PBXBuildFile; fileRef = 7AA80EE01F4AAA5200577130 /* FA_Conversation.swift */; };
		7AD74C591DD0F22900946C51 /* AppDelegate.swift in Sources */ = {isa = PBXBuildFile; fileRef = 7AD74C581DD0F22900946C51 /* AppDelegate.swift */; };
		7AD74C5E1DD0F22900946C51 /* Main.storyboard in Resources */ = {isa = PBXBuildFile; fileRef = 7AD74C5C1DD0F22900946C51 /* Main.storyboard */; };
		7AD74C601DD0F22900946C51 /* Assets.xcassets in Resources */ = {isa = PBXBuildFile; fileRef = 7AD74C5F1DD0F22900946C51 /* Assets.xcassets */; };
		7AD74C631DD0F22900946C51 /* LaunchScreen.storyboard in Resources */ = {isa = PBXBuildFile; fileRef = 7AD74C611DD0F22900946C51 /* LaunchScreen.storyboard */; };
		7AD74C6B1DD0F28000946C51 /* FA_TableViewController.swift in Sources */ = {isa = PBXBuildFile; fileRef = 7AD74C6A1DD0F28000946C51 /* FA_TableViewController.swift */; };
		7AD74C6D1DD0F46F00946C51 /* FA_Message.swift in Sources */ = {isa = PBXBuildFile; fileRef = 7AD74C6C1DD0F46F00946C51 /* FA_Message.swift */; };
		7AD74C701DD0F4F500946C51 /* README.md in Sources */ = {isa = PBXBuildFile; fileRef = 7AD74C6F1DD0F4F500946C51 /* README.md */; };
		7AD74C721DD0FD8B00946C51 /* conversation.json in Resources */ = {isa = PBXBuildFile; fileRef = 7AD74C711DD0FD8B00946C51 /* conversation.json */; };
/* End PBXBuildFile section */

/* Begin PBXFileReference section */
		7AA80EE01F4AAA5200577130 /* FA_Conversation.swift */ = {isa = PBXFileReference; fileEncoding = 4; lastKnownFileType = sourcecode.swift; path = FA_Conversation.swift; sourceTree = "<group>"; };
		7AD74C551DD0F22900946C51 /* iOSEngineeringTest.app */ = {isa = PBXFileReference; explicitFileType = wrapper.application; includeInIndex = 0; path = iOSEngineeringTest.app; sourceTree = BUILT_PRODUCTS_DIR; };
		7AD74C581DD0F22900946C51 /* AppDelegate.swift */ = {isa = PBXFileReference; lastKnownFileType = sourcecode.swift; path = AppDelegate.swift; sourceTree = "<group>"; };
		7AD74C5D1DD0F22900946C51 /* Base */ = {isa = PBXFileReference; lastKnownFileType = file.storyboard; name = Base; path = Base.lproj/Main.storyboard; sourceTree = "<group>"; };
		7AD74C5F1DD0F22900946C51 /* Assets.xcassets */ = {isa = PBXFileReference; lastKnownFileType = folder.assetcatalog; path = Assets.xcassets; sourceTree = "<group>"; };
		7AD74C621DD0F22900946C51 /* Base */ = {isa = PBXFileReference; lastKnownFileType = file.storyboard; name = Base; path = Base.lproj/LaunchScreen.storyboard; sourceTree = "<group>"; };
		7AD74C641DD0F22900946C51 /* Info.plist */ = {isa = PBXFileReference; lastKnownFileType = text.plist.xml; path = Info.plist; sourceTree = "<group>"; };
		7AD74C6A1DD0F28000946C51 /* FA_TableViewController.swift */ = {isa = PBXFileReference; fileEncoding = 4; lastKnownFileType = sourcecode.swift; path = FA_TableViewController.swift; sourceTree = "<group>"; };
		7AD74C6C1DD0F46F00946C51 /* FA_Message.swift */ = {isa = PBXFileReference; fileEncoding = 4; lastKnownFileType = sourcecode.swift; path = FA_Message.swift; sourceTree = "<group>"; };
		7AD74C6F1DD0F4F500946C51 /* README.md */ = {isa = PBXFileReference; fileEncoding = 4; lastKnownFileType = net.daringfireball.markdown; path = README.md; sourceTree = "<group>"; };
		7AD74C711DD0FD8B00946C51 /* conversation.json */ = {isa = PBXFileReference; fileEncoding = 4; lastKnownFileType = text.json; path = conversation.json; sourceTree = "<group>"; };
/* End PBXFileReference section */

/* Begin PBXFrameworksBuildPhase section */
		7AD74C521DD0F22900946C51 /* Frameworks */ = {
			isa = PBXFrameworksBuildPhase;
			buildActionMask = 2147483647;
			files = (
			);
			runOnlyForDeploymentPostprocessing = 0;
		};
/* End PBXFrameworksBuildPhase section */

/* Begin PBXGroup section */
		7AD74C4C1DD0F22900946C51 = {
			isa = PBXGroup;
			children = (
				7AD74C6F1DD0F4F500946C51 /* README.md */,
				7AD74C571DD0F22900946C51 /* iOSEngineeringTest */,
				7AD74C561DD0F22900946C51 /* Products */,
			);
			sourceTree = "<group>";
		};
		7AD74C561DD0F22900946C51 /* Products */ = {
			isa = PBXGroup;
			children = (
				7AD74C551DD0F22900946C51 /* iOSEngineeringTest.app */,
			);
			name = Products;
			sourceTree = "<group>";
		};
		7AD74C571DD0F22900946C51 /* iOSEngineeringTest */ = {
			isa = PBXGroup;
			children = (
				7AD74C581DD0F22900946C51 /* AppDelegate.swift */,
				7AD74C5C1DD0F22900946C51 /* Main.storyboard */,
				7AD74C5F1DD0F22900946C51 /* Assets.xcassets */,
				7AD74C611DD0F22900946C51 /* LaunchScreen.storyboard */,
				7AD74C641DD0F22900946C51 /* Info.plist */,
				7AD74C6A1DD0F28000946C51 /* FA_TableViewController.swift */,
				7AD74C6C1DD0F46F00946C51 /* FA_Message.swift */,
				7AD74C711DD0FD8B00946C51 /* conversation.json */,
				7AA80EE01F4AAA5200577130 /* FA_Conversation.swift */,
			);
			path = iOSEngineeringTest;
			sourceTree = "<group>";
		};
/* End PBXGroup section */

/* Begin PBXNativeTarget section */
		7AD74C541DD0F22900946C51 /* iOSEngineeringTest */ = {
			isa = PBXNativeTarget;
			buildConfigurationList = 7AD74C671DD0F22900946C51 /* Build configuration list for PBXNativeTarget "iOSEngineeringTest" */;
			buildPhases = (
				7AD74C511DD0F22900946C51 /* Sources */,
				7AD74C521DD0F22900946C51 /* Frameworks */,
				7AD74C531DD0F22900946C51 /* Resources */,
			);
			buildRules = (
			);
			dependencies = (
			);
			name = iOSEngineeringTest;
			productName = iOSEngineeringTest;
			productReference = 7AD74C551DD0F22900946C51 /* iOSEngineeringTest.app */;
			productType = "com.apple.product-type.application";
		};
/* End PBXNativeTarget section */

/* Begin PBXProject section */
		7AD74C4D1DD0F22900946C51 /* Project object */ = {
			isa = PBXProject;
			attributes = {
				LastSwiftUpdateCheck = 0800;
				LastUpgradeCheck = 0800;
				ORGANIZATIONNAME = FrontApp;
				TargetAttributes = {
					7AD74C541DD0F22900946C51 = {
						CreatedOnToolsVersion = 8.0;
						ProvisioningStyle = Automatic;
					};
				};
			};
			buildConfigurationList = 7AD74C501DD0F22900946C51 /* Build configuration list for PBXProject "iOSEngineeringTest" */;
			compatibilityVersion = "Xcode 3.2";
			developmentRegion = English;
			hasScannedForEncodings = 0;
			knownRegions = (
				en,
				Base,
			);
			mainGroup = 7AD74C4C1DD0F22900946C51;
			productRefGroup = 7AD74C561DD0F22900946C51 /* Products */;
			projectDirPath = "";
			projectRoot = "";
			targets = (
				7AD74C541DD0F22900946C51 /* iOSEngineeringTest */,
			);
		};
/* End PBXProject section */

/* Begin PBXResourcesBuildPhase section */
		7AD74C531DD0F22900946C51 /* Resources */ = {
			isa = PBXResourcesBuildPhase;
			buildActionMask = 2147483647;
			files = (
				7AD74C721DD0FD8B00946C51 /* conversation.json in Resources */,
				7AD74C631DD0F22900946C51 /* LaunchScreen.storyboard in Resources */,
				7AD74C601DD0F22900946C51 /* Assets.xcassets in Resources */,
				7AD74C5E1DD0F22900946C51 /* Main.storyboard in Resources */,
			);
			runOnlyForDeploymentPostprocessing = 0;
		};
/* End PBXResourcesBuildPhase section */

/* Begin PBXSourcesBuildPhase section */
		7AD74C511DD0F22900946C51 /* Sources */ = {
			isa = PBXSourcesBuildPhase;
			buildActionMask = 2147483647;
			files = (
				7AD74C6B1DD0F28000946C51 /* FA_TableViewController.swift in Sources */,
				7AD74C6D1DD0F46F00946C51 /* FA_Message.swift in Sources */,
				7AD74C701DD0F4F500946C51 /* README.md in Sources */,
				7AA80EE11F4AAA5200577130 /* FA_Conversation.swift in Sources */,
				7AD74C591DD0F22900946C51 /* AppDelegate.swift in Sources */,
			);
			runOnlyForDeploymentPostprocessing = 0;
		};
/* End PBXSourcesBuildPhase section */

/* Begin PBXVariantGroup section */
		7AD74C5C1DD0F22900946C51 /* Main.storyboard */ = {
			isa = PBXVariantGroup;
			children = (
				7AD74C5D1DD0F22900946C51 /* Base */,
			);
			name = Main.storyboard;
			sourceTree = "<group>";
		};
		7AD74C611DD0F22900946C51 /* LaunchScreen.storyboard */ = {
			isa = PBXVariantGroup;
			children = (
				7AD74C621DD0F22900946C51 /* Base */,
			);
			name = LaunchScreen.storyboard;
			sourceTree = "<group>";
		};
/* End PBXVariantGroup section */

/* Begin XCBuildConfiguration section */
		7AD74C651DD0F22900946C51 /* Debug */ = {
			isa = XCBuildConfiguration;
			buildSettings = {
				ALWAYS_SEARCH_USER_PATHS = NO;
				CLANG_ANALYZER_NONNULL = YES;
				CLANG_CXX_LANGUAGE_STANDARD = "gnu++0x";
				CLANG_CXX_LIBRARY = "libc++";
				CLANG_ENABLE_MODULES = YES;
				CLANG_ENABLE_OBJC_ARC = YES;
				CLANG_WARN_BOOL_CONVERSION = YES;
				CLANG_WARN_CONSTANT_CONVERSION = YES;
				CLANG_WARN_DIRECT_OBJC_ISA_USAGE = YES_ERROR;
				CLANG_WARN_DOCUMENTATION_COMMENTS = YES;
				CLANG_WARN_EMPTY_BODY = YES;
				CLANG_WARN_ENUM_CONVERSION = YES;
				CLANG_WARN_INFINITE_RECURSION = YES;
				CLANG_WARN_INT_CONVERSION = YES;
				CLANG_WARN_OBJC_ROOT_CLASS = YES_ERROR;
				CLANG_WARN_SUSPICIOUS_MOVES = YES;
				CLANG_WARN_UNREACHABLE_CODE = YES;
				CLANG_WARN__DUPLICATE_METHOD_MATCH = YES;
				"CODE_SIGN_IDENTITY[sdk=iphoneos*]" = "iPhone Developer";
				COPY_PHASE_STRIP = NO;
				DEBUG_INFORMATION_FORMAT = dwarf;
				ENABLE_STRICT_OBJC_MSGSEND = YES;
				ENABLE_TESTABILITY = YES;
				GCC_C_LANGUAGE_STANDARD = gnu99;
				GCC_DYNAMIC_NO_PIC = NO;
				GCC_NO_COMMON_BLOCKS = YES;
				GCC_OPTIMIZATION_LEVEL = 0;
				GCC_PREPROCESSOR_DEFINITIONS = (
					"DEBUG=1",
					"$(inherited)",
				);
				GCC_WARN_64_TO_32_BIT_CONVERSION = YES;
				GCC_WARN_ABOUT_RETURN_TYPE = YES_ERROR;
				GCC_WARN_UNDECLARED_SELECTOR = YES;
				GCC_WARN_UNINITIALIZED_AUTOS = YES_AGGRESSIVE;
				GCC_WARN_UNUSED_FUNCTION = YES;
				GCC_WARN_UNUSED_VARIABLE = YES;
				IPHONEOS_DEPLOYMENT_TARGET = 10.0;
				MTL_ENABLE_DEBUG_INFO = YES;
				ONLY_ACTIVE_ARCH = YES;
				SDKROOT = iphoneos;
				SWIFT_ACTIVE_COMPILATION_CONDITIONS = DEBUG;
				SWIFT_OPTIMIZATION_LEVEL = "-Onone";
				TARGETED_DEVICE_FAMILY = "1,2";
			};
			name = Debug;
		};
		7AD74C661DD0F22900946C51 /* Release */ = {
			isa = XCBuildConfiguration;
			buildSettings = {
				ALWAYS_SEARCH_USER_PATHS = NO;
				CLANG_ANALYZER_NONNULL = YES;
				CLANG_CXX_LANGUAGE_STANDARD = "gnu++0x";
				CLANG_CXX_LIBRARY = "libc++";
				CLANG_ENABLE_MODULES = YES;
				CLANG_ENABLE_OBJC_ARC = YES;
				CLANG_WARN_BOOL_CONVERSION = YES;
				CLANG_WARN_CONSTANT_CONVERSION = YES;
				CLANG_WARN_DIRECT_OBJC_ISA_USAGE = YES_ERROR;
				CLANG_WARN_DOCUMENTATION_COMMENTS = YES;
				CLANG_WARN_EMPTY_BODY = YES;
				CLANG_WARN_ENUM_CONVERSION = YES;
				CLANG_WARN_INFINITE_RECURSION = YES;
				CLANG_WARN_INT_CONVERSION = YES;
				CLANG_WARN_OBJC_ROOT_CLASS = YES_ERROR;
				CLANG_WARN_SUSPICIOUS_MOVES = YES;
				CLANG_WARN_UNREACHABLE_CODE = YES;
				CLANG_WARN__DUPLICATE_METHOD_MATCH = YES;
				"CODE_SIGN_IDENTITY[sdk=iphoneos*]" = "iPhone Developer";
				COPY_PHASE_STRIP = NO;
				DEBUG_INFORMATION_FORMAT = "dwarf-with-dsym";
				ENABLE_NS_ASSERTIONS = NO;
				ENABLE_STRICT_OBJC_MSGSEND = YES;
				GCC_C_LANGUAGE_STANDARD = gnu99;
				GCC_NO_COMMON_BLOCKS = YES;
				GCC_WARN_64_TO_32_BIT_CONVERSION = YES;
				GCC_WARN_ABOUT_RETURN_TYPE = YES_ERROR;
				GCC_WARN_UNDECLARED_SELECTOR = YES;
				GCC_WARN_UNINITIALIZED_AUTOS = YES_AGGRESSIVE;
				GCC_WARN_UNUSED_FUNCTION = YES;
				GCC_WARN_UNUSED_VARIABLE = YES;
				IPHONEOS_DEPLOYMENT_TARGET = 10.0;
				MTL_ENABLE_DEBUG_INFO = NO;
				SDKROOT = iphoneos;
				SWIFT_OPTIMIZATION_LEVEL = "-Owholemodule";
				TARGETED_DEVICE_FAMILY = "1,2";
				VALIDATE_PRODUCT = YES;
			};
			name = Release;
		};
		7AD74C681DD0F22900946C51 /* Debug */ = {
			isa = XCBuildConfiguration;
			buildSettings = {
				ASSETCATALOG_COMPILER_APPICON_NAME = AppIcon;
				INFOPLIST_FILE = iOSEngineeringTest/Info.plist;
				LD_RUNPATH_SEARCH_PATHS = "$(inherited) @executable_path/Frameworks";
				PRODUCT_BUNDLE_IDENTIFIER = FA.iOSEngineeringTest;
				PRODUCT_NAME = "$(TARGET_NAME)";
				SWIFT_VERSION = 3.0;
			};
			name = Debug;
		};
		7AD74C691DD0F22900946C51 /* Release */ = {
			isa = XCBuildConfiguration;
			buildSettings = {
				ASSETCATALOG_COMPILER_APPICON_NAME = AppIcon;
				INFOPLIST_FILE = iOSEngineeringTest/Info.plist;
				LD_RUNPATH_SEARCH_PATHS = "$(inherited) @executable_path/Frameworks";
				PRODUCT_BUNDLE_IDENTIFIER = FA.iOSEngineeringTest;
				PRODUCT_NAME = "$(TARGET_NAME)";
				SWIFT_VERSION = 3.0;
			};
			name = Release;
		};
/* End XCBuildConfiguration section */

/* Begin XCConfigurationList section */
		7AD74C501DD0F22900946C51 /* Build configuration list for PBXProject "iOSEngineeringTest" */ = {
			isa = XCConfigurationList;
			buildConfigurations = (
				7AD74C651DD0F22900946C51 /* Debug */,
				7AD74C661DD0F22900946C51 /* Release */,
			);
			defaultConfigurationIsVisible = 0;
			defaultConfigurationName = Release;
		};
		7AD74C671DD0F22900946C51 /* Build configuration list for PBXNativeTarget "iOSEngineeringTest" */ = {
			isa = XCConfigurationList;
			buildConfigurations = (
				7AD74C681DD0F22900946C51 /* Debug */,
				7AD74C691DD0F22900946C51 /* Release */,
			);
			defaultConfigurationIsVisible = 0;
			defaultConfigurationName = Release;
		};
/* End XCConfigurationList section */
	};
	rootObject = 7AD74C4D1DD0F22900946C51 /* Project object */;
}
